
Microsoft Visual Studio Solution File, Format Version 12.00
Project("{FAE04EC0-301F-11D3-BF4B-00C04F79EFBC}") = "PatternApplication", "PatternApplication\PatternApplication.csproj", "{D05617BA-5D5B-4EB8-915B-A4396609F18C}"
EndProject
Project("{FAE04EC0-301F-11D3-BF4B-00C04F79EFBC}") = "PatternBuilder", "PatternBuilder\PatternBuilder.csproj", "{E00C711F-62C9-4A6D-A842-4FC998B63106}"
EndProject
Project("{FAE04EC0-301F-11D3-BF4B-00C04F79EFBC}") = "PatternStrategy", "PatternStrategy\PatternStrategy.csproj", "{BC1CE718-D1BD-4AED-B41A-3A6EBBF24399}"
EndProject
Project("{FAE04EC0-301F-11D3-BF4B-00C04F79EFBC}") = "PatternObserver", "PatternObserver\PatternObserver.csproj", "{0B8B8DF4-E38E-4981-9C96-933FD492C2E9}"
EndProject
Global
	GlobalSection(SolutionConfigurationPlatforms) = preSolution
		Debug|Any CPU = Debug|Any CPU
		Release|Any CPU = Release|Any CPU
	EndGlobalSection
	GlobalSection(ProjectConfigurationPlatforms) = postSolution
		{D05617BA-5D5B-4EB8-915B-A4396609F18C}.Debug|Any CPU.ActiveCfg = Debug|Any CPU
		{D05617BA-5D5B-4EB8-915B-A4396609F18C}.Debug|Any CPU.Build.0 = Debug|Any CPU
		{D05617BA-5D5B-4EB8-915B-A4396609F18C}.Release|Any CPU.ActiveCfg = Release|Any CPU
		{D05617BA-5D5B-4EB8-915B-A4396609F18C}.Release|Any CPU.Build.0 = Release|Any CPU
		{E00C711F-62C9-4A6D-A842-4FC998B63106}.Debug|Any CPU.ActiveCfg = Debug|Any CPU
		{E00C711F-62C9-4A6D-A842-4FC998B63106}.Debug|Any CPU.Build.0 = Debug|Any CPU
		{E00C711F-62C9-4A6D-A842-4FC998B63106}.Release|Any CPU.ActiveCfg = Release|Any CPU
		{E00C711F-62C9-4A6D-A842-4FC998B63106}.Release|Any CPU.Build.0 = Release|Any CPU
		{BC1CE718-D1BD-4AED-B41A-3A6EBBF24399}.Debug|Any CPU.ActiveCfg = Debug|Any CPU
		{BC1CE718-D1BD-4AED-B41A-3A6EBBF24399}.Debug|Any CPU.Build.0 = Debug|Any CPU
		{BC1CE718-D1BD-4AED-B41A-3A6EBBF24399}.Release|Any CPU.ActiveCfg = Release|Any CPU
		{BC1CE718-D1BD-4AED-B41A-3A6EBBF24399}.Release|Any CPU.Build.0 = Release|Any CPU
		{0B8B8DF4-E38E-4981-9C96-933FD492C2E9}.Debug|Any CPU.ActiveCfg = Debug|Any CPU
		{0B8B8DF4-E38E-4981-9C96-933FD492C2E9}.Debug|Any CPU.Build.0 = Debug|Any CPU
		{0B8B8DF4-E38E-4981-9C96-933FD492C2E9}.Release|Any CPU.ActiveCfg = Release|Any CPU
		{0B8B8DF4-E38E-4981-9C96-933FD492C2E9}.Release|Any CPU.Build.0 = Release|Any CPU
	EndGlobalSection
EndGlobal
